
Microsoft Visual Studio Solution File, Format Version 12.00
# Visual Studio Version 16
VisualStudioVersion = 16.0.30011.22
MinimumVisualStudioVersion = 10.0.40219.1
Project("{FAE04EC0-301F-11D3-BF4B-00C04F79EFBC}") = "AspNetCoreClosedXml", "AspNetCoreClosedXml\AspNetCoreClosedXml.csproj", "{391E0C81-8A82-4B07-A7F2-95389C50263E}"
EndProject
Global
	GlobalSection(SolutionConfigurationPlatforms) = preSolution
		Debug|Any CPU = Debug|Any CPU
		Release|Any CPU = Release|Any CPU
	EndGlobalSection
	GlobalSection(ProjectConfigurationPlatforms) = postSolution
		{391E0C81-8A82-4B07-A7F2-95389C50263E}.Debug|Any CPU.ActiveCfg = Debug|Any CPU
		{391E0C81-8A82-4B07-A7F2-95389C50263E}.Debug|Any CPU.Build.0 = Debug|Any CPU
		{391E0C81-8A82-4B07-A7F2-95389C50263E}.Release|Any CPU.ActiveCfg = Release|Any CPU
		{391E0C81-8A82-4B07-A7F2-95389C50263E}.Release|Any CPU.Build.0 = Release|Any CPU
	EndGlobalSection
	GlobalSection(SolutionProperties) = preSolution
		HideSolutionNode = FALSE
	EndGlobalSection
	GlobalSection(ExtensibilityGlobals) = postSolution
		SolutionGuid = {1E7430DB-D27F-44FC-94BA-A8153371A321}
	EndGlobalSection
EndGlobal
